// !$*UTF8*$!
{
	archiveVersion = 1;
	classes = {
	};
	objectVersion = 46;
	objects = {

/* Begin PBXBuildFile section */
		4E9F73F3B0153ADAB06FE9E1 /* Pods_Tests.framework in Frameworks */ = {isa = PBXBuildFile; fileRef = 29AE4C1B0B54510CFC6AD931 /* Pods_Tests.framework */; };
		9D0E402C21B3FC490088D678 /* CaraQuickConfiguration.swift in Sources */ = {isa = PBXBuildFile; fileRef = 9D0E402B21B3FC490088D678 /* CaraQuickConfiguration.swift */; };
		9D21FEF121D8EE98006EF131 /* PublicKeyPinningServiceSpec.swift in Sources */ = {isa = PBXBuildFile; fileRef = 9D21FEF021D8EE98006EF131 /* PublicKeyPinningServiceSpec.swift */; };
		9D21FEF321D8F02F006EF131 /* SecTrust+Apple.swift in Sources */ = {isa = PBXBuildFile; fileRef = 9D21FEF221D8F02F006EF131 /* SecTrust+Apple.swift */; };
		9D21FEF521D8F05C006EF131 /* apple.com.cer in Resources */ = {isa = PBXBuildFile; fileRef = 9D21FEF421D8F05C006EF131 /* apple.com.cer */; };
		9D21FF0621D97196006EF131 /* NetworkServiceSpec.swift in Sources */ = {isa = PBXBuildFile; fileRef = 9D21FF0521D97196006EF131 /* NetworkServiceSpec.swift */; };
		9D21FF0821D971C6006EF131 /* MockedPublicKeyPinningService.swift in Sources */ = {isa = PBXBuildFile; fileRef = 9D21FF0721D971C6006EF131 /* MockedPublicKeyPinningService.swift */; };
		9D28DFA521D8C562002B538A /* ResponseErrorSpec.swift in Sources */ = {isa = PBXBuildFile; fileRef = 9D28DFA421D8C562002B538A /* ResponseErrorSpec.swift */; };
		9D446A9C21B3EAC100FEA1F7 /* ServiceSpec.swift in Sources */ = {isa = PBXBuildFile; fileRef = 9D2BB56E21B2D5DC0072DA07 /* ServiceSpec.swift */; };
		9D551C922273757100DDD584 /* Cara.framework in Frameworks */ = {isa = PBXBuildFile; fileRef = 9D551C912273757100DDD584 /* Cara.framework */; };
		9D60FF2821B402CA0078F791 /* MockedRequest.swift in Sources */ = {isa = PBXBuildFile; fileRef = 9D60FF2721B402CA0078F791 /* MockedRequest.swift */; };
		9D60FF2A21B402E00078F791 /* MockedConfiguration.swift in Sources */ = {isa = PBXBuildFile; fileRef = 9D60FF2921B402E00078F791 /* MockedConfiguration.swift */; };
		9D60FF2D21B42A560078F791 /* MockedSerializer.swift in Sources */ = {isa = PBXBuildFile; fileRef = 9D60FF2C21B42A560078F791 /* MockedSerializer.swift */; };
		9DAD37C221B439F80042C19C /* CodableSerializerSpec.swift in Sources */ = {isa = PBXBuildFile; fileRef = 9DAD37C121B439F80042C19C /* CodableSerializerSpec.swift */; };
		9DAD37C521B45A900042C19C /* RequestSpec.swift in Sources */ = {isa = PBXBuildFile; fileRef = 9DAD37C421B45A900042C19C /* RequestSpec.swift */; };
		9DCD7F59222B00330042539B /* MockedInterceptor.swift in Sources */ = {isa = PBXBuildFile; fileRef = 9DCD7F58222B00330042539B /* MockedInterceptor.swift */; };
		9DEA80C321D97275002A56A7 /* MockedLogger.swift in Sources */ = {isa = PBXBuildFile; fileRef = 9DEA80C221D97275002A56A7 /* MockedLogger.swift */; };
/* End PBXBuildFile section */

/* Begin PBXFileReference section */
		29AE4C1B0B54510CFC6AD931 /* Pods_Tests.framework */ = {isa = PBXFileReference; explicitFileType = wrapper.framework; includeInIndex = 0; path = Pods_Tests.framework; sourceTree = BUILT_PRODUCTS_DIR; };
		2B992619292F276108EA57B6 /* Pods-Tests.release.xcconfig */ = {isa = PBXFileReference; includeInIndex = 1; lastKnownFileType = text.xcconfig; name = "Pods-Tests.release.xcconfig"; path = "Target Support Files/Pods-Tests/Pods-Tests.release.xcconfig"; sourceTree = "<group>"; };
		607FACE51AFB9204008FA782 /* Tests.xctest */ = {isa = PBXFileReference; explicitFileType = wrapper.cfbundle; includeInIndex = 0; path = Tests.xctest; sourceTree = BUILT_PRODUCTS_DIR; };
		607FACEA1AFB9204008FA782 /* Info.plist */ = {isa = PBXFileReference; lastKnownFileType = text.plist.xml; path = Info.plist; sourceTree = "<group>"; };
		9D0E402B21B3FC490088D678 /* CaraQuickConfiguration.swift */ = {isa = PBXFileReference; lastKnownFileType = sourcecode.swift; path = CaraQuickConfiguration.swift; sourceTree = "<group>"; };
		9D21FEF021D8EE98006EF131 /* PublicKeyPinningServiceSpec.swift */ = {isa = PBXFileReference; lastKnownFileType = sourcecode.swift; path = PublicKeyPinningServiceSpec.swift; sourceTree = "<group>"; };
		9D21FEF221D8F02F006EF131 /* SecTrust+Apple.swift */ = {isa = PBXFileReference; lastKnownFileType = sourcecode.swift; path = "SecTrust+Apple.swift"; sourceTree = "<group>"; };
		9D21FEF421D8F05C006EF131 /* apple.com.cer */ = {isa = PBXFileReference; lastKnownFileType = file; path = apple.com.cer; sourceTree = "<group>"; };
		9D21FF0521D97196006EF131 /* NetworkServiceSpec.swift */ = {isa = PBXFileReference; lastKnownFileType = sourcecode.swift; path = NetworkServiceSpec.swift; sourceTree = "<group>"; };
		9D21FF0721D971C6006EF131 /* MockedPublicKeyPinningService.swift */ = {isa = PBXFileReference; lastKnownFileType = sourcecode.swift; path = MockedPublicKeyPinningService.swift; sourceTree = "<group>"; };
		9D28DFA421D8C562002B538A /* ResponseErrorSpec.swift */ = {isa = PBXFileReference; lastKnownFileType = sourcecode.swift; path = ResponseErrorSpec.swift; sourceTree = "<group>"; };
		9D2BB56E21B2D5DC0072DA07 /* ServiceSpec.swift */ = {isa = PBXFileReference; lastKnownFileType = sourcecode.swift; path = ServiceSpec.swift; sourceTree = "<group>"; };
		9D551C912273757100DDD584 /* Cara.framework */ = {isa = PBXFileReference; explicitFileType = wrapper.framework; path = Cara.framework; sourceTree = BUILT_PRODUCTS_DIR; };
		9D60FF2721B402CA0078F791 /* MockedRequest.swift */ = {isa = PBXFileReference; lastKnownFileType = sourcecode.swift; path = MockedRequest.swift; sourceTree = "<group>"; };
		9D60FF2921B402E00078F791 /* MockedConfiguration.swift */ = {isa = PBXFileReference; lastKnownFileType = sourcecode.swift; path = MockedConfiguration.swift; sourceTree = "<group>"; };
		9D60FF2C21B42A560078F791 /* MockedSerializer.swift */ = {isa = PBXFileReference; lastKnownFileType = sourcecode.swift; path = MockedSerializer.swift; sourceTree = "<group>"; };
		9DAD37C121B439F80042C19C /* CodableSerializerSpec.swift */ = {isa = PBXFileReference; lastKnownFileType = sourcecode.swift; path = CodableSerializerSpec.swift; sourceTree = "<group>"; };
		9DAD37C421B45A900042C19C /* RequestSpec.swift */ = {isa = PBXFileReference; lastKnownFileType = sourcecode.swift; path = RequestSpec.swift; sourceTree = "<group>"; };
		9DCD7F58222B00330042539B /* MockedInterceptor.swift */ = {isa = PBXFileReference; lastKnownFileType = sourcecode.swift; path = MockedInterceptor.swift; sourceTree = "<group>"; };
		9DEA80C221D97275002A56A7 /* MockedLogger.swift */ = {isa = PBXFileReference; lastKnownFileType = sourcecode.swift; path = MockedLogger.swift; sourceTree = "<group>"; };
		DF61D7691CFD97C63E743260 /* Pods-Tests.debug.xcconfig */ = {isa = PBXFileReference; includeInIndex = 1; lastKnownFileType = text.xcconfig; name = "Pods-Tests.debug.xcconfig"; path = "Target Support Files/Pods-Tests/Pods-Tests.debug.xcconfig"; sourceTree = "<group>"; };
/* End PBXFileReference section */

/* Begin PBXFrameworksBuildPhase section */
		607FACE21AFB9204008FA782 /* Frameworks */ = {
			isa = PBXFrameworksBuildPhase;
			buildActionMask = 2147483647;
			files = (
				9D551C922273757100DDD584 /* Cara.framework in Frameworks */,
				4E9F73F3B0153ADAB06FE9E1 /* Pods_Tests.framework in Frameworks */,
			);
			runOnlyForDeploymentPostprocessing = 0;
		};
/* End PBXFrameworksBuildPhase section */

/* Begin PBXGroup section */
		607FACC71AFB9204008FA782 = {
			isa = PBXGroup;
			children = (
				607FACE81AFB9204008FA782 /* Tests */,
				607FACD11AFB9204008FA782 /* Products */,
				D92114D13629E9F3AC69B4F9 /* Frameworks */,
				BE8BAC8BF52F590C6CECB46C /* Pods */,
			);
			sourceTree = "<group>";
		};
		607FACD11AFB9204008FA782 /* Products */ = {
			isa = PBXGroup;
			children = (
				607FACE51AFB9204008FA782 /* Tests.xctest */,
			);
			name = Products;
			sourceTree = "<group>";
		};
		607FACE81AFB9204008FA782 /* Tests */ = {
			isa = PBXGroup;
			children = (
				9D0E402A21B3FC2D0088D678 /* Helpers */,
				9D60FF2621B402BE0078F791 /* Mocks */,
				9D21FEF621D8F061006EF131 /* Resources */,
				62263AAD1D0704F700393E94 /* Specs */,
				607FACE91AFB9204008FA782 /* Supporting Files */,
			);
			path = Tests;
			sourceTree = "<group>";
		};
		607FACE91AFB9204008FA782 /* Supporting Files */ = {
			isa = PBXGroup;
			children = (
				607FACEA1AFB9204008FA782 /* Info.plist */,
			);
			path = "Supporting Files";
			sourceTree = "<group>";
		};
		62263AAD1D0704F700393E94 /* Specs */ = {
			isa = PBXGroup;
			children = (
				9DAD37C321B45A860042C19C /* Request */,
				9DAD37BE21B4399F0042C19C /* Serializer */,
				9DAD37BD21B439990042C19C /* Service */,
			);
			path = Specs;
			sourceTree = "<group>";
		};
		9D0E402A21B3FC2D0088D678 /* Helpers */ = {
			isa = PBXGroup;
			children = (
				9D0E402B21B3FC490088D678 /* CaraQuickConfiguration.swift */,
				9D21FEF221D8F02F006EF131 /* SecTrust+Apple.swift */,
			);
			path = Helpers;
			sourceTree = "<group>";
		};
		9D21FEF621D8F061006EF131 /* Resources */ = {
			isa = PBXGroup;
			children = (
				9D21FEF421D8F05C006EF131 /* apple.com.cer */,
			);
			path = Resources;
			sourceTree = "<group>";
		};
		9D60FF2621B402BE0078F791 /* Mocks */ = {
			isa = PBXGroup;
			children = (
				9D60FF2921B402E00078F791 /* MockedConfiguration.swift */,
				9DCD7F58222B00330042539B /* MockedInterceptor.swift */,
				9DEA80C221D97275002A56A7 /* MockedLogger.swift */,
				9D21FF0721D971C6006EF131 /* MockedPublicKeyPinningService.swift */,
				9D60FF2721B402CA0078F791 /* MockedRequest.swift */,
				9D60FF2C21B42A560078F791 /* MockedSerializer.swift */,
			);
			path = Mocks;
			sourceTree = "<group>";
		};
		9DAD37BD21B439990042C19C /* Service */ = {
			isa = PBXGroup;
			children = (
				9D21FF0521D97196006EF131 /* NetworkServiceSpec.swift */,
				9D21FEF021D8EE98006EF131 /* PublicKeyPinningServiceSpec.swift */,
				9D28DFA421D8C562002B538A /* ResponseErrorSpec.swift */,
				9D2BB56E21B2D5DC0072DA07 /* ServiceSpec.swift */,
			);
			path = Service;
			sourceTree = "<group>";
		};
		9DAD37BE21B4399F0042C19C /* Serializer */ = {
			isa = PBXGroup;
			children = (
				9DAD37C121B439F80042C19C /* CodableSerializerSpec.swift */,
			);
			path = Serializer;
			sourceTree = "<group>";
		};
		9DAD37C321B45A860042C19C /* Request */ = {
			isa = PBXGroup;
			children = (
				9DAD37C421B45A900042C19C /* RequestSpec.swift */,
			);
			path = Request;
			sourceTree = "<group>";
		};
		BE8BAC8BF52F590C6CECB46C /* Pods */ = {
			isa = PBXGroup;
			children = (
				DF61D7691CFD97C63E743260 /* Pods-Tests.debug.xcconfig */,
				2B992619292F276108EA57B6 /* Pods-Tests.release.xcconfig */,
			);
			path = Pods;
			sourceTree = "<group>";
		};
		D92114D13629E9F3AC69B4F9 /* Frameworks */ = {
			isa = PBXGroup;
			children = (
				9D551C912273757100DDD584 /* Cara.framework */,
				29AE4C1B0B54510CFC6AD931 /* Pods_Tests.framework */,
			);
			name = Frameworks;
			sourceTree = "<group>";
		};
/* End PBXGroup section */

/* Begin PBXNativeTarget section */
		607FACE41AFB9204008FA782 /* Tests */ = {
			isa = PBXNativeTarget;
			buildConfigurationList = 607FACF21AFB9204008FA782 /* Build configuration list for PBXNativeTarget "Tests" */;
			buildPhases = (
				EAD099F8354CAAC3C775136F /* [CP] Check Pods Manifest.lock */,
				607FACE11AFB9204008FA782 /* Sources */,
				607FACE21AFB9204008FA782 /* Frameworks */,
				607FACE31AFB9204008FA782 /* Resources */,
				9DCEBC4F21ADDF1F0031AC75 /* Swiftlint */,
				4F454FEDE895594F40B0C55A /* [CP] Embed Pods Frameworks */,
			);
			buildRules = (
			);
			dependencies = (
			);
			name = Tests;
			productName = Tests;
			productReference = 607FACE51AFB9204008FA782 /* Tests.xctest */;
			productType = "com.apple.product-type.bundle.unit-test";
		};
/* End PBXNativeTarget section */

/* Begin PBXProject section */
		607FACC81AFB9204008FA782 /* Project object */ = {
			isa = PBXProject;
			attributes = {
				LastSwiftUpdateCheck = 0920;
				LastUpgradeCheck = 1020;
				ORGANIZATIONNAME = CocoaPods;
				TargetAttributes = {
					607FACE41AFB9204008FA782 = {
						CreatedOnToolsVersion = 6.3.1;
						LastSwiftMigration = 1130;
						ProvisioningStyle = Automatic;
					};
				};
			};
			buildConfigurationList = 607FACCB1AFB9204008FA782 /* Build configuration list for PBXProject "Example" */;
			compatibilityVersion = "Xcode 3.2";
			developmentRegion = en;
			hasScannedForEncodings = 0;
			knownRegions = (
				en,
				Base,
			);
			mainGroup = 607FACC71AFB9204008FA782;
			productRefGroup = 607FACD11AFB9204008FA782 /* Products */;
			projectDirPath = "";
			projectRoot = "";
			targets = (
				607FACE41AFB9204008FA782 /* Tests */,
			);
		};
/* End PBXProject section */

/* Begin PBXResourcesBuildPhase section */
		607FACE31AFB9204008FA782 /* Resources */ = {
			isa = PBXResourcesBuildPhase;
			buildActionMask = 2147483647;
			files = (
				9D21FEF521D8F05C006EF131 /* apple.com.cer in Resources */,
			);
			runOnlyForDeploymentPostprocessing = 0;
		};
/* End PBXResourcesBuildPhase section */

/* Begin PBXShellScriptBuildPhase section */
		4F454FEDE895594F40B0C55A /* [CP] Embed Pods Frameworks */ = {
			isa = PBXShellScriptBuildPhase;
			buildActionMask = 2147483647;
			files = (
			);
			inputPaths = (
				"${PODS_ROOT}/Target Support Files/Pods-Tests/Pods-Tests-frameworks.sh",
				"${BUILT_PRODUCTS_DIR}/Mockingjay/Mockingjay.framework",
				"${BUILT_PRODUCTS_DIR}/Nimble/Nimble.framework",
				"${BUILT_PRODUCTS_DIR}/Quick/Quick.framework",
				"${BUILT_PRODUCTS_DIR}/URITemplate/URITemplate.framework",
			);
			name = "[CP] Embed Pods Frameworks";
			outputPaths = (
				"${TARGET_BUILD_DIR}/${FRAMEWORKS_FOLDER_PATH}/Mockingjay.framework",
				"${TARGET_BUILD_DIR}/${FRAMEWORKS_FOLDER_PATH}/Nimble.framework",
				"${TARGET_BUILD_DIR}/${FRAMEWORKS_FOLDER_PATH}/Quick.framework",
				"${TARGET_BUILD_DIR}/${FRAMEWORKS_FOLDER_PATH}/URITemplate.framework",
			);
			runOnlyForDeploymentPostprocessing = 0;
			shellPath = /bin/sh;
			shellScript = "\"${PODS_ROOT}/Target Support Files/Pods-Tests/Pods-Tests-frameworks.sh\"\n";
			showEnvVarsInLog = 0;
		};
		9DCEBC4F21ADDF1F0031AC75 /* Swiftlint */ = {
			isa = PBXShellScriptBuildPhase;
			buildActionMask = 2147483647;
			files = (
			);
			inputFileListPaths = (
			);
			inputPaths = (
			);
			name = Swiftlint;
			outputFileListPaths = (
			);
			outputPaths = (
			);
			runOnlyForDeploymentPostprocessing = 0;
			shellPath = /bin/sh;
			shellScript = "\"${PODS_ROOT}/SwiftLint/swiftlint\"\n";
		};
		EAD099F8354CAAC3C775136F /* [CP] Check Pods Manifest.lock */ = {
			isa = PBXShellScriptBuildPhase;
			buildActionMask = 2147483647;
			files = (
			);
			inputFileListPaths = (
			);
			inputPaths = (
				"${PODS_PODFILE_DIR_PATH}/Podfile.lock",
				"${PODS_ROOT}/Manifest.lock",
			);
			name = "[CP] Check Pods Manifest.lock";
			outputFileListPaths = (
			);
			outputPaths = (
				"$(DERIVED_FILE_DIR)/Pods-Tests-checkManifestLockResult.txt",
			);
			runOnlyForDeploymentPostprocessing = 0;
			shellPath = /bin/sh;
			shellScript = "diff \"${PODS_PODFILE_DIR_PATH}/Podfile.lock\" \"${PODS_ROOT}/Manifest.lock\" > /dev/null\nif [ $? != 0 ] ; then\n    # print error to STDERR\n    echo \"error: The sandbox is not in sync with the Podfile.lock. Run 'pod install' or update your CocoaPods installation.\" >&2\n    exit 1\nfi\n# This output is used by Xcode 'outputs' to avoid re-running this script phase.\necho \"SUCCESS\" > \"${SCRIPT_OUTPUT_FILE_0}\"\n";
			showEnvVarsInLog = 0;
		};
/* End PBXShellScriptBuildPhase section */

/* Begin PBXSourcesBuildPhase section */
		607FACE11AFB9204008FA782 /* Sources */ = {
			isa = PBXSourcesBuildPhase;
			buildActionMask = 2147483647;
			files = (
				9D446A9C21B3EAC100FEA1F7 /* ServiceSpec.swift in Sources */,
				9D21FF0621D97196006EF131 /* NetworkServiceSpec.swift in Sources */,
				9DAD37C521B45A900042C19C /* RequestSpec.swift in Sources */,
				9D0E402C21B3FC490088D678 /* CaraQuickConfiguration.swift in Sources */,
				9DCD7F59222B00330042539B /* MockedInterceptor.swift in Sources */,
				9D60FF2821B402CA0078F791 /* MockedRequest.swift in Sources */,
				9D21FF0821D971C6006EF131 /* MockedPublicKeyPinningService.swift in Sources */,
				9D60FF2A21B402E00078F791 /* MockedConfiguration.swift in Sources */,
				9D21FEF121D8EE98006EF131 /* PublicKeyPinningServiceSpec.swift in Sources */,
				9D60FF2D21B42A560078F791 /* MockedSerializer.swift in Sources */,
				9D21FEF321D8F02F006EF131 /* SecTrust+Apple.swift in Sources */,
				9DEA80C321D97275002A56A7 /* MockedLogger.swift in Sources */,
				9D28DFA521D8C562002B538A /* ResponseErrorSpec.swift in Sources */,
				9DAD37C221B439F80042C19C /* CodableSerializerSpec.swift in Sources */,
			);
			runOnlyForDeploymentPostprocessing = 0;
		};
/* End PBXSourcesBuildPhase section */

/* Begin XCBuildConfiguration section */
		607FACED1AFB9204008FA782 /* Debug */ = {
			isa = XCBuildConfiguration;
			buildSettings = {
				ALWAYS_SEARCH_USER_PATHS = NO;
				CLANG_ANALYZER_LOCALIZABILITY_NONLOCALIZED = YES;
				CLANG_CXX_LANGUAGE_STANDARD = "gnu++0x";
				CLANG_CXX_LIBRARY = "libc++";
				CLANG_ENABLE_MODULES = YES;
				CLANG_ENABLE_OBJC_ARC = YES;
				CLANG_WARN_BLOCK_CAPTURE_AUTORELEASING = YES;
				CLANG_WARN_BOOL_CONVERSION = YES;
				CLANG_WARN_COMMA = YES;
				CLANG_WARN_CONSTANT_CONVERSION = YES;
				CLANG_WARN_DEPRECATED_OBJC_IMPLEMENTATIONS = YES;
				CLANG_WARN_DIRECT_OBJC_ISA_USAGE = YES_ERROR;
				CLANG_WARN_EMPTY_BODY = YES;
				CLANG_WARN_ENUM_CONVERSION = YES;
				CLANG_WARN_INFINITE_RECURSION = YES;
				CLANG_WARN_INT_CONVERSION = YES;
				CLANG_WARN_NON_LITERAL_NULL_CONVERSION = YES;
				CLANG_WARN_OBJC_IMPLICIT_RETAIN_SELF = YES;
				CLANG_WARN_OBJC_LITERAL_CONVERSION = YES;
				CLANG_WARN_OBJC_ROOT_CLASS = YES_ERROR;
				CLANG_WARN_RANGE_LOOP_ANALYSIS = YES;
				CLANG_WARN_STRICT_PROTOTYPES = YES;
				CLANG_WARN_SUSPICIOUS_MOVE = YES;
				CLANG_WARN_UNREACHABLE_CODE = YES;
				CLANG_WARN__DUPLICATE_METHOD_MATCH = YES;
				"CODE_SIGN_IDENTITY[sdk=iphoneos*]" = "iPhone Developer";
				COPY_PHASE_STRIP = NO;
				DEBUG_INFORMATION_FORMAT = "dwarf-with-dsym";
				ENABLE_STRICT_OBJC_MSGSEND = YES;
				ENABLE_TESTABILITY = YES;
				GCC_C_LANGUAGE_STANDARD = gnu99;
				GCC_DYNAMIC_NO_PIC = NO;
				GCC_NO_COMMON_BLOCKS = YES;
				GCC_OPTIMIZATION_LEVEL = 0;
				GCC_PREPROCESSOR_DEFINITIONS = (
					"DEBUG=1",
					"$(inherited)",
				);
				GCC_SYMBOLS_PRIVATE_EXTERN = NO;
				GCC_WARN_64_TO_32_BIT_CONVERSION = YES;
				GCC_WARN_ABOUT_RETURN_TYPE = YES_ERROR;
				GCC_WARN_UNDECLARED_SELECTOR = YES;
				GCC_WARN_UNINITIALIZED_AUTOS = YES_AGGRESSIVE;
				GCC_WARN_UNUSED_FUNCTION = YES;
				GCC_WARN_UNUSED_VARIABLE = YES;
				IPHONEOS_DEPLOYMENT_TARGET = 8.3;
				MTL_ENABLE_DEBUG_INFO = YES;
				ONLY_ACTIVE_ARCH = YES;
				SDKROOT = iphoneos;
				SWIFT_OPTIMIZATION_LEVEL = "-Onone";
				SWIFT_VERSION = 4.0;
			};
			name = Debug;
		};
		607FACEE1AFB9204008FA782 /* Release */ = {
			isa = XCBuildConfiguration;
			buildSettings = {
				ALWAYS_SEARCH_USER_PATHS = NO;
				CLANG_ANALYZER_LOCALIZABILITY_NONLOCALIZED = YES;
				CLANG_CXX_LANGUAGE_STANDARD = "gnu++0x";
				CLANG_CXX_LIBRARY = "libc++";
				CLANG_ENABLE_MODULES = YES;
				CLANG_ENABLE_OBJC_ARC = YES;
				CLANG_WARN_BLOCK_CAPTURE_AUTORELEASING = YES;
				CLANG_WARN_BOOL_CONVERSION = YES;
				CLANG_WARN_COMMA = YES;
				CLANG_WARN_CONSTANT_CONVERSION = YES;
				CLANG_WARN_DEPRECATED_OBJC_IMPLEMENTATIONS = YES;
				CLANG_WARN_DIRECT_OBJC_ISA_USAGE = YES_ERROR;
				CLANG_WARN_EMPTY_BODY = YES;
				CLANG_WARN_ENUM_CONVERSION = YES;
				CLANG_WARN_INFINITE_RECURSION = YES;
				CLANG_WARN_INT_CONVERSION = YES;
				CLANG_WARN_NON_LITERAL_NULL_CONVERSION = YES;
				CLANG_WARN_OBJC_IMPLICIT_RETAIN_SELF = YES;
				CLANG_WARN_OBJC_LITERAL_CONVERSION = YES;
				CLANG_WARN_OBJC_ROOT_CLASS = YES_ERROR;
				CLANG_WARN_RANGE_LOOP_ANALYSIS = YES;
				CLANG_WARN_STRICT_PROTOTYPES = YES;
				CLANG_WARN_SUSPICIOUS_MOVE = YES;
				CLANG_WARN_UNREACHABLE_CODE = YES;
				CLANG_WARN__DUPLICATE_METHOD_MATCH = YES;
				"CODE_SIGN_IDENTITY[sdk=iphoneos*]" = "iPhone Developer";
				COPY_PHASE_STRIP = NO;
				DEBUG_INFORMATION_FORMAT = "dwarf-with-dsym";
				ENABLE_NS_ASSERTIONS = NO;
				ENABLE_STRICT_OBJC_MSGSEND = YES;
				GCC_C_LANGUAGE_STANDARD = gnu99;
				GCC_NO_COMMON_BLOCKS = YES;
				GCC_WARN_64_TO_32_BIT_CONVERSION = YES;
				GCC_WARN_ABOUT_RETURN_TYPE = YES_ERROR;
				GCC_WARN_UNDECLARED_SELECTOR = YES;
				GCC_WARN_UNINITIALIZED_AUTOS = YES_AGGRESSIVE;
				GCC_WARN_UNUSED_FUNCTION = YES;
				GCC_WARN_UNUSED_VARIABLE = YES;
				IPHONEOS_DEPLOYMENT_TARGET = 8.3;
				MTL_ENABLE_DEBUG_INFO = NO;
				SDKROOT = iphoneos;
				SWIFT_OPTIMIZATION_LEVEL = "-Owholemodule";
				SWIFT_VERSION = 4.0;
				VALIDATE_PRODUCT = YES;
			};
			name = Release;
		};
		607FACF31AFB9204008FA782 /* Debug */ = {
			isa = XCBuildConfiguration;
			baseConfigurationReference = DF61D7691CFD97C63E743260 /* Pods-Tests.debug.xcconfig */;
			buildSettings = {
				CLANG_ENABLE_MODULES = YES;
				"CODE_SIGN_IDENTITY[sdk=iphoneos*]" = "iPhone Developer";
				CODE_SIGN_STYLE = Automatic;
				DEVELOPMENT_TEAM = "";
				FRAMEWORK_SEARCH_PATHS = "$(inherited)";
				GCC_PREPROCESSOR_DEFINITIONS = (
					"DEBUG=1",
					"$(inherited)",
				);
				INFOPLIST_FILE = "Tests/Supporting Files/Info.plist";
				IPHONEOS_DEPLOYMENT_TARGET = 14.0;
				LD_RUNPATH_SEARCH_PATHS = "$(inherited) @executable_path/Frameworks @loader_path/Frameworks";
				PRODUCT_BUNDLE_IDENTIFIER = "org.cocoapods.$(PRODUCT_NAME:rfc1034identifier)";
				PRODUCT_NAME = "$(TARGET_NAME)";
				PROVISIONING_PROFILE_SPECIFIER = "";
				SWIFT_OPTIMIZATION_LEVEL = "-Onone";
				SWIFT_VERSION = 5.0;
			};
			name = Debug;
		};
		607FACF41AFB9204008FA782 /* Release */ = {
			isa = XCBuildConfiguration;
			baseConfigurationReference = 2B992619292F276108EA57B6 /* Pods-Tests.release.xcconfig */;
			buildSettings = {
				CLANG_ENABLE_MODULES = YES;
				"CODE_SIGN_IDENTITY[sdk=iphoneos*]" = "iPhone Developer";
				CODE_SIGN_STYLE = Automatic;
				DEVELOPMENT_TEAM = "";
				FRAMEWORK_SEARCH_PATHS = "$(inherited)";
				INFOPLIST_FILE = "Tests/Supporting Files/Info.plist";
				IPHONEOS_DEPLOYMENT_TARGET = 14.0;
				LD_RUNPATH_SEARCH_PATHS = "$(inherited) @executable_path/Frameworks @loader_path/Frameworks";
				PRODUCT_BUNDLE_IDENTIFIER = "org.cocoapods.$(PRODUCT_NAME:rfc1034identifier)";
				PRODUCT_NAME = "$(TARGET_NAME)";
				PROVISIONING_PROFILE_SPECIFIER = "";
				SWIFT_VERSION = 5.0;
			};
			name = Release;
		};
/* End XCBuildConfiguration section */

/* Begin XCConfigurationList section */
		607FACCB1AFB9204008FA782 /* Build configuration list for PBXProject "Example" */ = {
			isa = XCConfigurationList;
			buildConfigurations = (
				607FACED1AFB9204008FA782 /* Debug */,
				607FACEE1AFB9204008FA782 /* Release */,
			);
			defaultConfigurationIsVisible = 0;
			defaultConfigurationName = Release;
		};
		607FACF21AFB9204008FA782 /* Build configuration list for PBXNativeTarget "Tests" */ = {
			isa = XCConfigurationList;
			buildConfigurations = (
				607FACF31AFB9204008FA782 /* Debug */,
				607FACF41AFB9204008FA782 /* Release */,
			);
			defaultConfigurationIsVisible = 0;
			defaultConfigurationName = Release;
		};
/* End XCConfigurationList section */
	};
	rootObject = 607FACC81AFB9204008FA782 /* Project object */;
}
